
Microsoft Visual Studio Solution File, Format Version 12.00
# Visual Studio 14
VisualStudioVersion = 14.0.25420.1
MinimumVisualStudioVersion = 10.0.40219.1
Project("{2150E333-8FDC-42A3-9474-1A3956D46DE8}") = "src", "src", "{EC997AF6-CB54-4823-A402-F83EE212FAAA}"
EndProject
Project("{2150E333-8FDC-42A3-9474-1A3956D46DE8}") = "Solution Items", "Solution Items", "{75B8A4F1-1711-47C7-ACE3-3834EAF6FF46}"
	ProjectSection(SolutionItems) = preProject
		global.json = global.json
	EndProjectSection
EndProject
Project("{8BB2217D-0F2D-49D1-97BC-3654ED321F3B}") = "AcademyProject", "src\AcademyProject\AcademyProject.xproj", "{46875C44-BEC1-4E2E-8795-41AF4072CF01}"
EndProject
Global
	GlobalSection(SolutionConfigurationPlatforms) = preSolution
		Debug|Any CPU = Debug|Any CPU
		Release|Any CPU = Release|Any CPU
	EndGlobalSection
	GlobalSection(ProjectConfigurationPlatforms) = postSolution
		{46875C44-BEC1-4E2E-8795-41AF4072CF01}.Debug|Any CPU.ActiveCfg = Debug|Any CPU
		{46875C44-BEC1-4E2E-8795-41AF4072CF01}.Debug|Any CPU.Build.0 = Debug|Any CPU
		{46875C44-BEC1-4E2E-8795-41AF4072CF01}.Release|Any CPU.ActiveCfg = Release|Any CPU
		{46875C44-BEC1-4E2E-8795-41AF4072CF01}.Release|Any CPU.Build.0 = Release|Any CPU
	EndGlobalSection
	GlobalSection(SolutionProperties) = preSolution
		HideSolutionNode = FALSE
	EndGlobalSection
	GlobalSection(NestedProjects) = preSolution
		{46875C44-BEC1-4E2E-8795-41AF4072CF01} = {EC997AF6-CB54-4823-A402-F83EE212FAAA}
	EndGlobalSection
EndGlobal
